
Microsoft Visual Studio Solution File, Format Version 12.00
# Visual Studio Version 17
VisualStudioVersion = 17.5.33516.290
MinimumVisualStudioVersion = 10.0.40219.1
Project("{9A19103F-16F7-4668-BE54-9A1E7A4F7556}") = "Task1_3", "Task1_3\Task1_3.csproj", "{64B10C42-52D2-44DB-B3B4-37D61C000547}"
EndProject
Global
	GlobalSection(SolutionConfigurationPlatforms) = preSolution
		Debug|Any CPU = Debug|Any CPU
		Release|Any CPU = Release|Any CPU
	EndGlobalSection
	GlobalSection(ProjectConfigurationPlatforms) = postSolution
		{64B10C42-52D2-44DB-B3B4-37D61C000547}.Debug|Any CPU.ActiveCfg = Debug|Any CPU
		{64B10C42-52D2-44DB-B3B4-37D61C000547}.Debug|Any CPU.Build.0 = Debug|Any CPU
		{64B10C42-52D2-44DB-B3B4-37D61C000547}.Release|Any CPU.ActiveCfg = Release|Any CPU
		{64B10C42-52D2-44DB-B3B4-37D61C000547}.Release|Any CPU.Build.0 = Release|Any CPU
	EndGlobalSection
	GlobalSection(SolutionProperties) = preSolution
		HideSolutionNode = FALSE
	EndGlobalSection
	GlobalSection(ExtensibilityGlobals) = postSolution
		SolutionGuid = {6084EBF5-C18B-45F1-86E6-07B23CD75E9C}
	EndGlobalSection
EndGlobal
