
Microsoft Visual Studio Solution File, Format Version 12.00
# Visual Studio Version 17
VisualStudioVersion = 17.5.33516.290
MinimumVisualStudioVersion = 10.0.40219.1
Project("{9A19103F-16F7-4668-BE54-9A1E7A4F7556}") = "Task1_6", "Task1_6\Task1_6.csproj", "{BDD19E19-1C2D-4E53-B428-AE28E1FCB3CF}"
EndProject
Project("{9A19103F-16F7-4668-BE54-9A1E7A4F7556}") = "Task1_6.Tests", "Task1_6.Tests\Task1_6.Tests.csproj", "{95DC204C-581E-40CB-8C9C-25B3F66BB768}"
EndProject
Global
	GlobalSection(SolutionConfigurationPlatforms) = preSolution
		Debug|Any CPU = Debug|Any CPU
		Release|Any CPU = Release|Any CPU
	EndGlobalSection
	GlobalSection(ProjectConfigurationPlatforms) = postSolution
		{BDD19E19-1C2D-4E53-B428-AE28E1FCB3CF}.Debug|Any CPU.ActiveCfg = Debug|Any CPU
		{BDD19E19-1C2D-4E53-B428-AE28E1FCB3CF}.Debug|Any CPU.Build.0 = Debug|Any CPU
		{BDD19E19-1C2D-4E53-B428-AE28E1FCB3CF}.Release|Any CPU.ActiveCfg = Release|Any CPU
		{BDD19E19-1C2D-4E53-B428-AE28E1FCB3CF}.Release|Any CPU.Build.0 = Release|Any CPU
		{95DC204C-581E-40CB-8C9C-25B3F66BB768}.Debug|Any CPU.ActiveCfg = Debug|Any CPU
		{95DC204C-581E-40CB-8C9C-25B3F66BB768}.Debug|Any CPU.Build.0 = Debug|Any CPU
		{95DC204C-581E-40CB-8C9C-25B3F66BB768}.Release|Any CPU.ActiveCfg = Release|Any CPU
		{95DC204C-581E-40CB-8C9C-25B3F66BB768}.Release|Any CPU.Build.0 = Release|Any CPU
	EndGlobalSection
	GlobalSection(SolutionProperties) = preSolution
		HideSolutionNode = FALSE
	EndGlobalSection
	GlobalSection(ExtensibilityGlobals) = postSolution
		SolutionGuid = {57AA7276-F900-46A4-A33A-F0B82E5B0634}
	EndGlobalSection
EndGlobal
