
Microsoft Visual Studio Solution File, Format Version 12.00
# Visual Studio Version 17
VisualStudioVersion = 17.5.33516.290
MinimumVisualStudioVersion = 10.0.40219.1
Project("{FAE04EC0-301F-11D3-BF4B-00C04F79EFBC}") = "Task1_8", "Task1_8\Task1_8.csproj", "{F3E877AF-F017-493C-B811-E2BC30F4E2F7}"
EndProject
Global
	GlobalSection(SolutionConfigurationPlatforms) = preSolution
		Debug|Any CPU = Debug|Any CPU
		Release|Any CPU = Release|Any CPU
	EndGlobalSection
	GlobalSection(ProjectConfigurationPlatforms) = postSolution
		{F3E877AF-F017-493C-B811-E2BC30F4E2F7}.Debug|Any CPU.ActiveCfg = Debug|Any CPU
		{F3E877AF-F017-493C-B811-E2BC30F4E2F7}.Debug|Any CPU.Build.0 = Debug|Any CPU
		{F3E877AF-F017-493C-B811-E2BC30F4E2F7}.Release|Any CPU.ActiveCfg = Release|Any CPU
		{F3E877AF-F017-493C-B811-E2BC30F4E2F7}.Release|Any CPU.Build.0 = Release|Any CPU
	EndGlobalSection
	GlobalSection(SolutionProperties) = preSolution
		HideSolutionNode = FALSE
	EndGlobalSection
	GlobalSection(ExtensibilityGlobals) = postSolution
		SolutionGuid = {2CB5C3D5-BA86-45A0-AB88-D1FF14B27B18}
	EndGlobalSection
EndGlobal
